
Microsoft Visual Studio Solution File, Format Version 12.00
# Visual Studio 14
VisualStudioVersion = 14.0.25420.1
MinimumVisualStudioVersion = 10.0.40219.1
Project("{FAE04EC0-301F-11D3-BF4B-00C04F79EFBC}") = "Calculator", "Calculator\Calculator.csproj", "{995038AE-FBDE-4FB7-A423-2B952664D195}"
EndProject
Project("{FAE04EC0-301F-11D3-BF4B-00C04F79EFBC}") = "Calculator.Tests", "Calculator.Test\Calculator.Tests.csproj", "{24D88867-89C3-46EC-8C5C-6DD06774E24F}"
EndProject
Global
	GlobalSection(SolutionConfigurationPlatforms) = preSolution
		Debug|Any CPU = Debug|Any CPU
		Release|Any CPU = Release|Any CPU
	EndGlobalSection
	GlobalSection(ProjectConfigurationPlatforms) = postSolution
		{995038AE-FBDE-4FB7-A423-2B952664D195}.Debug|Any CPU.ActiveCfg = Debug|Any CPU
		{995038AE-FBDE-4FB7-A423-2B952664D195}.Debug|Any CPU.Build.0 = Debug|Any CPU
		{995038AE-FBDE-4FB7-A423-2B952664D195}.Release|Any CPU.ActiveCfg = Release|Any CPU
		{995038AE-FBDE-4FB7-A423-2B952664D195}.Release|Any CPU.Build.0 = Release|Any CPU
		{24D88867-89C3-46EC-8C5C-6DD06774E24F}.Debug|Any CPU.ActiveCfg = Debug|Any CPU
		{24D88867-89C3-46EC-8C5C-6DD06774E24F}.Debug|Any CPU.Build.0 = Debug|Any CPU
		{24D88867-89C3-46EC-8C5C-6DD06774E24F}.Release|Any CPU.ActiveCfg = Release|Any CPU
		{24D88867-89C3-46EC-8C5C-6DD06774E24F}.Release|Any CPU.Build.0 = Release|Any CPU
	EndGlobalSection
	GlobalSection(SolutionProperties) = preSolution
		HideSolutionNode = FALSE
	EndGlobalSection
EndGlobal
